
Microsoft Visual Studio Solution File, Format Version 12.00
# Visual Studio Version 17
VisualStudioVersion = 17.2.32519.379
MinimumVisualStudioVersion = 10.0.40219.1
Project("{FAE04EC0-301F-11D3-BF4B-00C04F79EFBC}") = "pry_Luna_Ejercitacion1", "pry_Luna_Ejercitacion1.csproj", "{0A289731-7C89-42B4-8631-51EC1E173416}"
EndProject
Global
	GlobalSection(SolutionConfigurationPlatforms) = preSolution
		Debug|Any CPU = Debug|Any CPU
		Release|Any CPU = Release|Any CPU
	EndGlobalSection
	GlobalSection(ProjectConfigurationPlatforms) = postSolution
		{0A289731-7C89-42B4-8631-51EC1E173416}.Debug|Any CPU.ActiveCfg = Debug|Any CPU
		{0A289731-7C89-42B4-8631-51EC1E173416}.Debug|Any CPU.Build.0 = Debug|Any CPU
		{0A289731-7C89-42B4-8631-51EC1E173416}.Release|Any CPU.ActiveCfg = Release|Any CPU
		{0A289731-7C89-42B4-8631-51EC1E173416}.Release|Any CPU.Build.0 = Release|Any CPU
	EndGlobalSection
	GlobalSection(SolutionProperties) = preSolution
		HideSolutionNode = FALSE
	EndGlobalSection
	GlobalSection(ExtensibilityGlobals) = postSolution
		SolutionGuid = {09EAF99F-E6CF-4E51-906A-2A35F7944B9C}
	EndGlobalSection
EndGlobal
